
Microsoft Visual Studio Solution File, Format Version 12.00
# Visual Studio 15
VisualStudioVersion = 15.0.26124.0
MinimumVisualStudioVersion = 15.0.26124.0
Project("{2150E333-8FDC-42A3-9474-1A3956D46DE8}") = "src", "src", "{E3D3571D-B9ED-496A-A3DF-4E45C4392902}"
EndProject
Project("{FAE04EC0-301F-11D3-BF4B-00C04F79EFBC}") = "Freya.Optics", "src\Freya.Optics\Freya.Optics.fsproj", "{C7253F93-9793-4046-B939-5E12173EDB33}"
EndProject
Project("{FAE04EC0-301F-11D3-BF4B-00C04F79EFBC}") = "Freya.Optics.Http", "src\Freya.Optics.Http\Freya.Optics.Http.fsproj", "{3F6BBE3D-3525-45CB-9EDF-BB34EBF97928}"
EndProject
Project("{FAE04EC0-301F-11D3-BF4B-00C04F79EFBC}") = "Freya.Optics.Http.Cors", "src\Freya.Optics.Http.Cors\Freya.Optics.Http.Cors.fsproj", "{0719479A-1446-40C2-B093-2DB644CEF31F}"
EndProject
Project("{FAE04EC0-301F-11D3-BF4B-00C04F79EFBC}") = "Freya.Optics.Http.Patch", "src\Freya.Optics.Http.Patch\Freya.Optics.Http.Patch.fsproj", "{0951AB67-A7FD-445A-9D83-FEDAFE7C6DE3}"
EndProject
Project("{FAE04EC0-301F-11D3-BF4B-00C04F79EFBC}") = "Freya.Optics.Http.Patch.Hopac", "src\Freya.Optics.Http.Patch.Hopac\Freya.Optics.Http.Patch.Hopac.fsproj", "{963F7F44-4AF2-4C5D-AD7D-78BBDEF6B136}"
EndProject
Project("{FAE04EC0-301F-11D3-BF4B-00C04F79EFBC}") = "Freya.Optics.Http.Cors.Hopac", "src\Freya.Optics.Http.Cors.Hopac\Freya.Optics.Http.Cors.Hopac.fsproj", "{EB3A3B59-E9FB-4539-8ED3-722A20F86812}"
EndProject
Project("{FAE04EC0-301F-11D3-BF4B-00C04F79EFBC}") = "Freya.Optics.Http.Hopac", "src\Freya.Optics.Http.Hopac\Freya.Optics.Http.Hopac.fsproj", "{AAB00E1E-8470-4980-9E02-38FB839E9404}"
EndProject
Project("{FAE04EC0-301F-11D3-BF4B-00C04F79EFBC}") = "Freya.Optics.Http.State", "src\Freya.Optics.Http.State\Freya.Optics.Http.State.fsproj", "{744171A1-AF4F-4122-87F5-08C452525701}"
EndProject
Project("{FAE04EC0-301F-11D3-BF4B-00C04F79EFBC}") = "Freya.Optics.Http.State.Hopac", "src\Freya.Optics.Http.State.Hopac\Freya.Optics.Http.State.Hopac.fsproj", "{478072CB-AE78-4F6A-8B0F-BCC228855689}"
EndProject
Global
	GlobalSection(SolutionConfigurationPlatforms) = preSolution
		Debug|Any CPU = Debug|Any CPU
		Debug|x64 = Debug|x64
		Debug|x86 = Debug|x86
		Release|Any CPU = Release|Any CPU
		Release|x64 = Release|x64
		Release|x86 = Release|x86
	EndGlobalSection
	GlobalSection(SolutionProperties) = preSolution
		HideSolutionNode = FALSE
	EndGlobalSection
	GlobalSection(ProjectConfigurationPlatforms) = postSolution
		{C7253F93-9793-4046-B939-5E12173EDB33}.Debug|Any CPU.ActiveCfg = Debug|Any CPU
		{C7253F93-9793-4046-B939-5E12173EDB33}.Debug|Any CPU.Build.0 = Debug|Any CPU
		{C7253F93-9793-4046-B939-5E12173EDB33}.Debug|x64.ActiveCfg = Debug|x64
		{C7253F93-9793-4046-B939-5E12173EDB33}.Debug|x64.Build.0 = Debug|x64
		{C7253F93-9793-4046-B939-5E12173EDB33}.Debug|x86.ActiveCfg = Debug|x86
		{C7253F93-9793-4046-B939-5E12173EDB33}.Debug|x86.Build.0 = Debug|x86
		{C7253F93-9793-4046-B939-5E12173EDB33}.Release|Any CPU.ActiveCfg = Release|Any CPU
		{C7253F93-9793-4046-B939-5E12173EDB33}.Release|Any CPU.Build.0 = Release|Any CPU
		{C7253F93-9793-4046-B939-5E12173EDB33}.Release|x64.ActiveCfg = Release|x64
		{C7253F93-9793-4046-B939-5E12173EDB33}.Release|x64.Build.0 = Release|x64
		{C7253F93-9793-4046-B939-5E12173EDB33}.Release|x86.ActiveCfg = Release|x86
		{C7253F93-9793-4046-B939-5E12173EDB33}.Release|x86.Build.0 = Release|x86
		{3F6BBE3D-3525-45CB-9EDF-BB34EBF97928}.Debug|Any CPU.ActiveCfg = Debug|Any CPU
		{3F6BBE3D-3525-45CB-9EDF-BB34EBF97928}.Debug|Any CPU.Build.0 = Debug|Any CPU
		{3F6BBE3D-3525-45CB-9EDF-BB34EBF97928}.Debug|x64.ActiveCfg = Debug|x64
		{3F6BBE3D-3525-45CB-9EDF-BB34EBF97928}.Debug|x64.Build.0 = Debug|x64
		{3F6BBE3D-3525-45CB-9EDF-BB34EBF97928}.Debug|x86.ActiveCfg = Debug|x86
		{3F6BBE3D-3525-45CB-9EDF-BB34EBF97928}.Debug|x86.Build.0 = Debug|x86
		{3F6BBE3D-3525-45CB-9EDF-BB34EBF97928}.Release|Any CPU.ActiveCfg = Release|Any CPU
		{3F6BBE3D-3525-45CB-9EDF-BB34EBF97928}.Release|Any CPU.Build.0 = Release|Any CPU
		{3F6BBE3D-3525-45CB-9EDF-BB34EBF97928}.Release|x64.ActiveCfg = Release|x64
		{3F6BBE3D-3525-45CB-9EDF-BB34EBF97928}.Release|x64.Build.0 = Release|x64
		{3F6BBE3D-3525-45CB-9EDF-BB34EBF97928}.Release|x86.ActiveCfg = Release|x86
		{3F6BBE3D-3525-45CB-9EDF-BB34EBF97928}.Release|x86.Build.0 = Release|x86
		{0719479A-1446-40C2-B093-2DB644CEF31F}.Debug|Any CPU.ActiveCfg = Debug|Any CPU
		{0719479A-1446-40C2-B093-2DB644CEF31F}.Debug|Any CPU.Build.0 = Debug|Any CPU
		{0719479A-1446-40C2-B093-2DB644CEF31F}.Debug|x64.ActiveCfg = Debug|x64
		{0719479A-1446-40C2-B093-2DB644CEF31F}.Debug|x64.Build.0 = Debug|x64
		{0719479A-1446-40C2-B093-2DB644CEF31F}.Debug|x86.ActiveCfg = Debug|x86
		{0719479A-1446-40C2-B093-2DB644CEF31F}.Debug|x86.Build.0 = Debug|x86
		{0719479A-1446-40C2-B093-2DB644CEF31F}.Release|Any CPU.ActiveCfg = Release|Any CPU
		{0719479A-1446-40C2-B093-2DB644CEF31F}.Release|Any CPU.Build.0 = Release|Any CPU
		{0719479A-1446-40C2-B093-2DB644CEF31F}.Release|x64.ActiveCfg = Release|x64
		{0719479A-1446-40C2-B093-2DB644CEF31F}.Release|x64.Build.0 = Release|x64
		{0719479A-1446-40C2-B093-2DB644CEF31F}.Release|x86.ActiveCfg = Release|x86
		{0719479A-1446-40C2-B093-2DB644CEF31F}.Release|x86.Build.0 = Release|x86
		{0951AB67-A7FD-445A-9D83-FEDAFE7C6DE3}.Debug|Any CPU.ActiveCfg = Debug|Any CPU
		{0951AB67-A7FD-445A-9D83-FEDAFE7C6DE3}.Debug|Any CPU.Build.0 = Debug|Any CPU
		{0951AB67-A7FD-445A-9D83-FEDAFE7C6DE3}.Debug|x64.ActiveCfg = Debug|x64
		{0951AB67-A7FD-445A-9D83-FEDAFE7C6DE3}.Debug|x64.Build.0 = Debug|x64
		{0951AB67-A7FD-445A-9D83-FEDAFE7C6DE3}.Debug|x86.ActiveCfg = Debug|x86
		{0951AB67-A7FD-445A-9D83-FEDAFE7C6DE3}.Debug|x86.Build.0 = Debug|x86
		{0951AB67-A7FD-445A-9D83-FEDAFE7C6DE3}.Release|Any CPU.ActiveCfg = Release|Any CPU
		{0951AB67-A7FD-445A-9D83-FEDAFE7C6DE3}.Release|Any CPU.Build.0 = Release|Any CPU
		{0951AB67-A7FD-445A-9D83-FEDAFE7C6DE3}.Release|x64.ActiveCfg = Release|x64
		{0951AB67-A7FD-445A-9D83-FEDAFE7C6DE3}.Release|x64.Build.0 = Release|x64
		{0951AB67-A7FD-445A-9D83-FEDAFE7C6DE3}.Release|x86.ActiveCfg = Release|x86
		{0951AB67-A7FD-445A-9D83-FEDAFE7C6DE3}.Release|x86.Build.0 = Release|x86
		{963F7F44-4AF2-4C5D-AD7D-78BBDEF6B136}.Debug|Any CPU.ActiveCfg = Debug|Any CPU
		{963F7F44-4AF2-4C5D-AD7D-78BBDEF6B136}.Debug|Any CPU.Build.0 = Debug|Any CPU
		{963F7F44-4AF2-4C5D-AD7D-78BBDEF6B136}.Debug|x64.ActiveCfg = Debug|x64
		{963F7F44-4AF2-4C5D-AD7D-78BBDEF6B136}.Debug|x64.Build.0 = Debug|x64
		{963F7F44-4AF2-4C5D-AD7D-78BBDEF6B136}.Debug|x86.ActiveCfg = Debug|x86
		{963F7F44-4AF2-4C5D-AD7D-78BBDEF6B136}.Debug|x86.Build.0 = Debug|x86
		{963F7F44-4AF2-4C5D-AD7D-78BBDEF6B136}.Release|Any CPU.ActiveCfg = Release|Any CPU
		{963F7F44-4AF2-4C5D-AD7D-78BBDEF6B136}.Release|Any CPU.Build.0 = Release|Any CPU
		{963F7F44-4AF2-4C5D-AD7D-78BBDEF6B136}.Release|x64.ActiveCfg = Release|x64
		{963F7F44-4AF2-4C5D-AD7D-78BBDEF6B136}.Release|x64.Build.0 = Release|x64
		{963F7F44-4AF2-4C5D-AD7D-78BBDEF6B136}.Release|x86.ActiveCfg = Release|x86
		{963F7F44-4AF2-4C5D-AD7D-78BBDEF6B136}.Release|x86.Build.0 = Release|x86
		{EB3A3B59-E9FB-4539-8ED3-722A20F86812}.Debug|Any CPU.ActiveCfg = Debug|Any CPU
		{EB3A3B59-E9FB-4539-8ED3-722A20F86812}.Debug|Any CPU.Build.0 = Debug|Any CPU
		{EB3A3B59-E9FB-4539-8ED3-722A20F86812}.Debug|x64.ActiveCfg = Debug|x64
		{EB3A3B59-E9FB-4539-8ED3-722A20F86812}.Debug|x64.Build.0 = Debug|x64
		{EB3A3B59-E9FB-4539-8ED3-722A20F86812}.Debug|x86.ActiveCfg = Debug|x86
		{EB3A3B59-E9FB-4539-8ED3-722A20F86812}.Debug|x86.Build.0 = Debug|x86
		{EB3A3B59-E9FB-4539-8ED3-722A20F86812}.Release|Any CPU.ActiveCfg = Release|Any CPU
		{EB3A3B59-E9FB-4539-8ED3-722A20F86812}.Release|Any CPU.Build.0 = Release|Any CPU
		{EB3A3B59-E9FB-4539-8ED3-722A20F86812}.Release|x64.ActiveCfg = Release|x64
		{EB3A3B59-E9FB-4539-8ED3-722A20F86812}.Release|x64.Build.0 = Release|x64
		{EB3A3B59-E9FB-4539-8ED3-722A20F86812}.Release|x86.ActiveCfg = Release|x86
		{EB3A3B59-E9FB-4539-8ED3-722A20F86812}.Release|x86.Build.0 = Release|x86
		{AAB00E1E-8470-4980-9E02-38FB839E9404}.Debug|Any CPU.ActiveCfg = Debug|Any CPU
		{AAB00E1E-8470-4980-9E02-38FB839E9404}.Debug|Any CPU.Build.0 = Debug|Any CPU
		{AAB00E1E-8470-4980-9E02-38FB839E9404}.Debug|x64.ActiveCfg = Debug|x64
		{AAB00E1E-8470-4980-9E02-38FB839E9404}.Debug|x64.Build.0 = Debug|x64
		{AAB00E1E-8470-4980-9E02-38FB839E9404}.Debug|x86.ActiveCfg = Debug|x86
		{AAB00E1E-8470-4980-9E02-38FB839E9404}.Debug|x86.Build.0 = Debug|x86
		{AAB00E1E-8470-4980-9E02-38FB839E9404}.Release|Any CPU.ActiveCfg = Release|Any CPU
		{AAB00E1E-8470-4980-9E02-38FB839E9404}.Release|Any CPU.Build.0 = Release|Any CPU
		{AAB00E1E-8470-4980-9E02-38FB839E9404}.Release|x64.ActiveCfg = Release|x64
		{AAB00E1E-8470-4980-9E02-38FB839E9404}.Release|x64.Build.0 = Release|x64
		{AAB00E1E-8470-4980-9E02-38FB839E9404}.Release|x86.ActiveCfg = Release|x86
		{AAB00E1E-8470-4980-9E02-38FB839E9404}.Release|x86.Build.0 = Release|x86
		{744171A1-AF4F-4122-87F5-08C452525701}.Debug|Any CPU.ActiveCfg = Debug|Any CPU
		{744171A1-AF4F-4122-87F5-08C452525701}.Debug|Any CPU.Build.0 = Debug|Any CPU
		{744171A1-AF4F-4122-87F5-08C452525701}.Debug|x64.ActiveCfg = Debug|x64
		{744171A1-AF4F-4122-87F5-08C452525701}.Debug|x64.Build.0 = Debug|x64
		{744171A1-AF4F-4122-87F5-08C452525701}.Debug|x86.ActiveCfg = Debug|x86
		{744171A1-AF4F-4122-87F5-08C452525701}.Debug|x86.Build.0 = Debug|x86
		{744171A1-AF4F-4122-87F5-08C452525701}.Release|Any CPU.ActiveCfg = Release|Any CPU
		{744171A1-AF4F-4122-87F5-08C452525701}.Release|Any CPU.Build.0 = Release|Any CPU
		{744171A1-AF4F-4122-87F5-08C452525701}.Release|x64.ActiveCfg = Release|x64
		{744171A1-AF4F-4122-87F5-08C452525701}.Release|x64.Build.0 = Release|x64
		{744171A1-AF4F-4122-87F5-08C452525701}.Release|x86.ActiveCfg = Release|x86
		{744171A1-AF4F-4122-87F5-08C452525701}.Release|x86.Build.0 = Release|x86
		{478072CB-AE78-4F6A-8B0F-BCC228855689}.Debug|Any CPU.ActiveCfg = Debug|Any CPU
		{478072CB-AE78-4F6A-8B0F-BCC228855689}.Debug|Any CPU.Build.0 = Debug|Any CPU
		{478072CB-AE78-4F6A-8B0F-BCC228855689}.Debug|x64.ActiveCfg = Debug|x64
		{478072CB-AE78-4F6A-8B0F-BCC228855689}.Debug|x64.Build.0 = Debug|x64
		{478072CB-AE78-4F6A-8B0F-BCC228855689}.Debug|x86.ActiveCfg = Debug|x86
		{478072CB-AE78-4F6A-8B0F-BCC228855689}.Debug|x86.Build.0 = Debug|x86
		{478072CB-AE78-4F6A-8B0F-BCC228855689}.Release|Any CPU.ActiveCfg = Release|Any CPU
		{478072CB-AE78-4F6A-8B0F-BCC228855689}.Release|Any CPU.Build.0 = Release|Any CPU
		{478072CB-AE78-4F6A-8B0F-BCC228855689}.Release|x64.ActiveCfg = Release|x64
		{478072CB-AE78-4F6A-8B0F-BCC228855689}.Release|x64.Build.0 = Release|x64
		{478072CB-AE78-4F6A-8B0F-BCC228855689}.Release|x86.ActiveCfg = Release|x86
		{478072CB-AE78-4F6A-8B0F-BCC228855689}.Release|x86.Build.0 = Release|x86
	EndGlobalSection
	GlobalSection(NestedProjects) = preSolution
		{C7253F93-9793-4046-B939-5E12173EDB33} = {E3D3571D-B9ED-496A-A3DF-4E45C4392902}
		{3F6BBE3D-3525-45CB-9EDF-BB34EBF97928} = {E3D3571D-B9ED-496A-A3DF-4E45C4392902}
		{0719479A-1446-40C2-B093-2DB644CEF31F} = {E3D3571D-B9ED-496A-A3DF-4E45C4392902}
		{0951AB67-A7FD-445A-9D83-FEDAFE7C6DE3} = {E3D3571D-B9ED-496A-A3DF-4E45C4392902}
		{963F7F44-4AF2-4C5D-AD7D-78BBDEF6B136} = {E3D3571D-B9ED-496A-A3DF-4E45C4392902}
		{EB3A3B59-E9FB-4539-8ED3-722A20F86812} = {E3D3571D-B9ED-496A-A3DF-4E45C4392902}
		{AAB00E1E-8470-4980-9E02-38FB839E9404} = {E3D3571D-B9ED-496A-A3DF-4E45C4392902}
		{744171A1-AF4F-4122-87F5-08C452525701} = {E3D3571D-B9ED-496A-A3DF-4E45C4392902}
		{478072CB-AE78-4F6A-8B0F-BCC228855689} = {E3D3571D-B9ED-496A-A3DF-4E45C4392902}
	EndGlobalSection
EndGlobal
