
Microsoft Visual Studio Solution File, Format Version 12.00
# Visual Studio 14
VisualStudioVersion = 14.0.25420.1
MinimumVisualStudioVersion = 10.0.40219.1
Project("{2150E333-8FDC-42A3-9474-1A3956D46DE8}") = "src", "src", "{7347A7BE-4E32-4F02-9688-7609E965F6C8}"
EndProject
Project("{2150E333-8FDC-42A3-9474-1A3956D46DE8}") = "sln", "sln", "{B7BBA8FF-6884-4C14-932A-6A999752DF5B}"
EndProject
Project("{2150E333-8FDC-42A3-9474-1A3956D46DE8}") = "build", "build", "{6DD2880E-CB63-45CE-9642-E5958CF81331}"
	ProjectSection(SolutionItems) = preProject
		build.cmd = build.cmd
	EndProjectSection
EndProject
Project("{2150E333-8FDC-42A3-9474-1A3956D46DE8}") = "dependencies", "dependencies", "{E9B3EE76-03AA-432E-ABEA-D271379E5BD8}"
	ProjectSection(SolutionItems) = preProject
		paket.dependencies = paket.dependencies
		paket.lock = paket.lock
	EndProjectSection
EndProject
Project("{F2A71F9B-5D33-465A-A702-920D77279786}") = "Freya.Optics", "src\Freya.Optics\Freya.Optics.fsproj", "{E4BBF3D3-A03A-4111-A4C1-DD6837ED4F47}"
EndProject
Project("{F2A71F9B-5D33-465A-A702-920D77279786}") = "Freya.Optics.Http", "src\Freya.Optics.Http\Freya.Optics.Http.fsproj", "{63A4881E-8B31-48DE-BDAC-92164F6FE100}"
EndProject
Project("{F2A71F9B-5D33-465A-A702-920D77279786}") = "Freya.Optics.Http.Cors", "src\Freya.Optics.Http.Cors\Freya.Optics.Http.Cors.fsproj", "{E2A3FE72-5816-4F85-AA02-E5DD8248E0EC}"
EndProject
Project("{F2A71F9B-5D33-465A-A702-920D77279786}") = "Freya.Optics.Http.Patch", "src\Freya.Optics.Http.Patch\Freya.Optics.Http.Patch.fsproj", "{F7E37409-78A3-413E-91C4-31D3678C9B5E}"
EndProject
Project("{2150E333-8FDC-42A3-9474-1A3956D46DE8}") = "variants", "variants", "{2C3311F4-E900-4DA6-B607-A576F4BE2570}"
EndProject
Project("{2150E333-8FDC-42A3-9474-1A3956D46DE8}") = "async", "async", "{B9A1F588-EE87-451E-9D75-09ED86B47893}"
EndProject
Project("{2150E333-8FDC-42A3-9474-1A3956D46DE8}") = "hopac", "hopac", "{E6E1729E-22EE-4E80-86F4-D51402F2B339}"
EndProject
Project("{2150E333-8FDC-42A3-9474-1A3956D46DE8}") = "src", "src", "{7EE02F86-389F-4C9B-946A-E00FBD6200AA}"
EndProject
Project("{2150E333-8FDC-42A3-9474-1A3956D46DE8}") = "common", "common", "{395A3F91-0BCD-49AD-8118-04F5C23E5570}"
EndProject
Project("{2150E333-8FDC-42A3-9474-1A3956D46DE8}") = "src", "src", "{2005C58E-5CB6-43EC-ABF9-EA46605C3308}"
EndProject
Project("{F2A71F9B-5D33-465A-A702-920D77279786}") = "Freya.Optics.Http.Hopac", "src\Freya.Optics.Http.Hopac\Freya.Optics.Http.Hopac.fsproj", "{FB888E99-23F5-4402-B373-8E4CA6B779C5}"
EndProject
Project("{F2A71F9B-5D33-465A-A702-920D77279786}") = "Freya.Optics.Http.Cors.Hopac", "src\Freya.Optics.Http.Cors.Hopac\Freya.Optics.Http.Cors.Hopac.fsproj", "{11363130-ADFF-4256-A94C-1FA0FF44C239}"
EndProject
Project("{F2A71F9B-5D33-465A-A702-920D77279786}") = "Freya.Optics.Http.Patch.Hopac", "src\Freya.Optics.Http.Patch.Hopac\Freya.Optics.Http.Patch.Hopac.fsproj", "{9D51C9E5-3763-4782-B5DB-843818084D01}"
EndProject
Global
	GlobalSection(SolutionConfigurationPlatforms) = preSolution
		Debug|Any CPU = Debug|Any CPU
		Release|Any CPU = Release|Any CPU
	EndGlobalSection
	GlobalSection(ProjectConfigurationPlatforms) = postSolution
		{E4BBF3D3-A03A-4111-A4C1-DD6837ED4F47}.Debug|Any CPU.ActiveCfg = Debug|Any CPU
		{E4BBF3D3-A03A-4111-A4C1-DD6837ED4F47}.Debug|Any CPU.Build.0 = Debug|Any CPU
		{E4BBF3D3-A03A-4111-A4C1-DD6837ED4F47}.Release|Any CPU.ActiveCfg = Release|Any CPU
		{E4BBF3D3-A03A-4111-A4C1-DD6837ED4F47}.Release|Any CPU.Build.0 = Release|Any CPU
		{63A4881E-8B31-48DE-BDAC-92164F6FE100}.Debug|Any CPU.ActiveCfg = Debug|Any CPU
		{63A4881E-8B31-48DE-BDAC-92164F6FE100}.Debug|Any CPU.Build.0 = Debug|Any CPU
		{63A4881E-8B31-48DE-BDAC-92164F6FE100}.Release|Any CPU.ActiveCfg = Release|Any CPU
		{63A4881E-8B31-48DE-BDAC-92164F6FE100}.Release|Any CPU.Build.0 = Release|Any CPU
		{E2A3FE72-5816-4F85-AA02-E5DD8248E0EC}.Debug|Any CPU.ActiveCfg = Debug|Any CPU
		{E2A3FE72-5816-4F85-AA02-E5DD8248E0EC}.Debug|Any CPU.Build.0 = Debug|Any CPU
		{E2A3FE72-5816-4F85-AA02-E5DD8248E0EC}.Release|Any CPU.ActiveCfg = Release|Any CPU
		{E2A3FE72-5816-4F85-AA02-E5DD8248E0EC}.Release|Any CPU.Build.0 = Release|Any CPU
		{F7E37409-78A3-413E-91C4-31D3678C9B5E}.Debug|Any CPU.ActiveCfg = Debug|Any CPU
		{F7E37409-78A3-413E-91C4-31D3678C9B5E}.Debug|Any CPU.Build.0 = Debug|Any CPU
		{F7E37409-78A3-413E-91C4-31D3678C9B5E}.Release|Any CPU.ActiveCfg = Release|Any CPU
		{F7E37409-78A3-413E-91C4-31D3678C9B5E}.Release|Any CPU.Build.0 = Release|Any CPU
		{FB888E99-23F5-4402-B373-8E4CA6B779C5}.Debug|Any CPU.ActiveCfg = Debug|Any CPU
		{FB888E99-23F5-4402-B373-8E4CA6B779C5}.Debug|Any CPU.Build.0 = Debug|Any CPU
		{FB888E99-23F5-4402-B373-8E4CA6B779C5}.Release|Any CPU.ActiveCfg = Release|Any CPU
		{FB888E99-23F5-4402-B373-8E4CA6B779C5}.Release|Any CPU.Build.0 = Release|Any CPU
		{11363130-ADFF-4256-A94C-1FA0FF44C239}.Debug|Any CPU.ActiveCfg = Debug|Any CPU
		{11363130-ADFF-4256-A94C-1FA0FF44C239}.Debug|Any CPU.Build.0 = Debug|Any CPU
		{11363130-ADFF-4256-A94C-1FA0FF44C239}.Release|Any CPU.ActiveCfg = Release|Any CPU
		{11363130-ADFF-4256-A94C-1FA0FF44C239}.Release|Any CPU.Build.0 = Release|Any CPU
		{9D51C9E5-3763-4782-B5DB-843818084D01}.Debug|Any CPU.ActiveCfg = Debug|Any CPU
		{9D51C9E5-3763-4782-B5DB-843818084D01}.Debug|Any CPU.Build.0 = Debug|Any CPU
		{9D51C9E5-3763-4782-B5DB-843818084D01}.Release|Any CPU.ActiveCfg = Release|Any CPU
		{9D51C9E5-3763-4782-B5DB-843818084D01}.Release|Any CPU.Build.0 = Release|Any CPU
	EndGlobalSection
	GlobalSection(SolutionProperties) = preSolution
		HideSolutionNode = FALSE
	EndGlobalSection
	GlobalSection(NestedProjects) = preSolution
		{7347A7BE-4E32-4F02-9688-7609E965F6C8} = {B9A1F588-EE87-451E-9D75-09ED86B47893}
		{6DD2880E-CB63-45CE-9642-E5958CF81331} = {B7BBA8FF-6884-4C14-932A-6A999752DF5B}
		{E9B3EE76-03AA-432E-ABEA-D271379E5BD8} = {B7BBA8FF-6884-4C14-932A-6A999752DF5B}
		{E4BBF3D3-A03A-4111-A4C1-DD6837ED4F47} = {2005C58E-5CB6-43EC-ABF9-EA46605C3308}
		{63A4881E-8B31-48DE-BDAC-92164F6FE100} = {7347A7BE-4E32-4F02-9688-7609E965F6C8}
		{E2A3FE72-5816-4F85-AA02-E5DD8248E0EC} = {7347A7BE-4E32-4F02-9688-7609E965F6C8}
		{F7E37409-78A3-413E-91C4-31D3678C9B5E} = {7347A7BE-4E32-4F02-9688-7609E965F6C8}
		{B9A1F588-EE87-451E-9D75-09ED86B47893} = {2C3311F4-E900-4DA6-B607-A576F4BE2570}
		{E6E1729E-22EE-4E80-86F4-D51402F2B339} = {2C3311F4-E900-4DA6-B607-A576F4BE2570}
		{7EE02F86-389F-4C9B-946A-E00FBD6200AA} = {E6E1729E-22EE-4E80-86F4-D51402F2B339}
		{395A3F91-0BCD-49AD-8118-04F5C23E5570} = {2C3311F4-E900-4DA6-B607-A576F4BE2570}
		{2005C58E-5CB6-43EC-ABF9-EA46605C3308} = {395A3F91-0BCD-49AD-8118-04F5C23E5570}
		{FB888E99-23F5-4402-B373-8E4CA6B779C5} = {7EE02F86-389F-4C9B-946A-E00FBD6200AA}
		{11363130-ADFF-4256-A94C-1FA0FF44C239} = {7EE02F86-389F-4C9B-946A-E00FBD6200AA}
		{9D51C9E5-3763-4782-B5DB-843818084D01} = {7EE02F86-389F-4C9B-946A-E00FBD6200AA}
	EndGlobalSection
EndGlobal
