
Microsoft Visual Studio Solution File, Format Version 12.00
# Visual Studio 14
VisualStudioVersion = 14.0.24720.0
MinimumVisualStudioVersion = 10.0.40219.1
Project("{2150E333-8FDC-42A3-9474-1A3956D46DE8}") = "src", "src", "{7347A7BE-4E32-4F02-9688-7609E965F6C8}"
EndProject
Project("{2150E333-8FDC-42A3-9474-1A3956D46DE8}") = "tests", "tests", "{593866F0-5868-42BA-A4EE-B3DF75EE07DF}"
EndProject
Project("{2150E333-8FDC-42A3-9474-1A3956D46DE8}") = "sln", "sln", "{B7BBA8FF-6884-4C14-932A-6A999752DF5B}"
EndProject
Project("{2150E333-8FDC-42A3-9474-1A3956D46DE8}") = "build", "build", "{6DD2880E-CB63-45CE-9642-E5958CF81331}"
	ProjectSection(SolutionItems) = preProject
		build.cmd = build.cmd
	EndProjectSection
EndProject
Project("{2150E333-8FDC-42A3-9474-1A3956D46DE8}") = "dependencies", "dependencies", "{E9B3EE76-03AA-432E-ABEA-D271379E5BD8}"
	ProjectSection(SolutionItems) = preProject
		paket.dependencies = paket.dependencies
		paket.lock = paket.lock
	EndProjectSection
EndProject
Project("{F2A71F9B-5D33-465A-A702-920D77279786}") = "Freya.Optics", "src\Freya.Optics\Freya.Optics.fsproj", "{E4BBF3D3-A03A-4111-A4C1-DD6837ED4F47}"
EndProject
Project("{2150E333-8FDC-42A3-9474-1A3956D46DE8}") = "src", "src", "{3C02A0B3-F6BA-44BE-80C2-FF5555B2CADD}"
	ProjectSection(SolutionItems) = preProject
		src\Freya.Optics\Freya.Optics.fsproj.paket.references = src\Freya.Optics\Freya.Optics.fsproj.paket.references
		src\Freya.Optics.Http.Cors\Freya.Optics.Http.Cors.fsproj.paket.references = src\Freya.Optics.Http.Cors\Freya.Optics.Http.Cors.fsproj.paket.references
		src\Freya.Optics.Http\Freya.Optics.Http.fsproj.paket.references = src\Freya.Optics.Http\Freya.Optics.Http.fsproj.paket.references
	EndProjectSection
EndProject
Project("{F2A71F9B-5D33-465A-A702-920D77279786}") = "Freya.Optics.Tests", "tests\Freya.Optics.Tests\Freya.Optics.Tests.fsproj", "{1F24FD9E-AC24-4D27-BDF6-161ADD14B82E}"
EndProject
Project("{2150E333-8FDC-42A3-9474-1A3956D46DE8}") = "tests", "tests", "{F5E6CAFB-122E-48C0-93FF-1DF44429F9A3}"
	ProjectSection(SolutionItems) = preProject
		tests\Freya.Optics.Tests\Freya.Optics.Tests.fsproj.paket.references = tests\Freya.Optics.Tests\Freya.Optics.Tests.fsproj.paket.references
	EndProjectSection
EndProject
Project("{F2A71F9B-5D33-465A-A702-920D77279786}") = "Freya.Optics.Http", "src\Freya.Optics.Http\Freya.Optics.Http.fsproj", "{63A4881E-8B31-48DE-BDAC-92164F6FE100}"
EndProject
Project("{F2A71F9B-5D33-465A-A702-920D77279786}") = "Freya.Optics.Http.Cors", "src\Freya.Optics.Http.Cors\Freya.Optics.Http.Cors.fsproj", "{E2A3FE72-5816-4F85-AA02-E5DD8248E0EC}"
EndProject
Project("{2150E333-8FDC-42A3-9474-1A3956D46DE8}") = "packages", "packages", "{A1B0E43D-0D8A-45F5-B4F3-473DFCC9A3AD}"
EndProject
Project("{2150E333-8FDC-42A3-9474-1A3956D46DE8}") = "src", "src", "{8FA27E0A-8A5D-47E5-89D6-EDCB43E003BA}"
	ProjectSection(SolutionItems) = preProject
		src\Freya.Optics\Freya.Optics.fsproj.paket.template = src\Freya.Optics\Freya.Optics.fsproj.paket.template
		src\Freya.Optics.Http.Cors\Freya.Optics.Http.Cors.fsproj.paket.template = src\Freya.Optics.Http.Cors\Freya.Optics.Http.Cors.fsproj.paket.template
		src\Freya.Optics.Http\Freya.Optics.Http.fsproj.paket.template = src\Freya.Optics.Http\Freya.Optics.Http.fsproj.paket.template
	EndProjectSection
EndProject
Global
	GlobalSection(SolutionConfigurationPlatforms) = preSolution
		Debug|Any CPU = Debug|Any CPU
		Release|Any CPU = Release|Any CPU
	EndGlobalSection
	GlobalSection(ProjectConfigurationPlatforms) = postSolution
		{E4BBF3D3-A03A-4111-A4C1-DD6837ED4F47}.Debug|Any CPU.ActiveCfg = Debug|Any CPU
		{E4BBF3D3-A03A-4111-A4C1-DD6837ED4F47}.Debug|Any CPU.Build.0 = Debug|Any CPU
		{E4BBF3D3-A03A-4111-A4C1-DD6837ED4F47}.Release|Any CPU.ActiveCfg = Release|Any CPU
		{E4BBF3D3-A03A-4111-A4C1-DD6837ED4F47}.Release|Any CPU.Build.0 = Release|Any CPU
		{1F24FD9E-AC24-4D27-BDF6-161ADD14B82E}.Debug|Any CPU.ActiveCfg = Debug|Any CPU
		{1F24FD9E-AC24-4D27-BDF6-161ADD14B82E}.Debug|Any CPU.Build.0 = Debug|Any CPU
		{1F24FD9E-AC24-4D27-BDF6-161ADD14B82E}.Release|Any CPU.ActiveCfg = Release|Any CPU
		{1F24FD9E-AC24-4D27-BDF6-161ADD14B82E}.Release|Any CPU.Build.0 = Release|Any CPU
		{63A4881E-8B31-48DE-BDAC-92164F6FE100}.Debug|Any CPU.ActiveCfg = Debug|Any CPU
		{63A4881E-8B31-48DE-BDAC-92164F6FE100}.Debug|Any CPU.Build.0 = Debug|Any CPU
		{63A4881E-8B31-48DE-BDAC-92164F6FE100}.Release|Any CPU.ActiveCfg = Release|Any CPU
		{63A4881E-8B31-48DE-BDAC-92164F6FE100}.Release|Any CPU.Build.0 = Release|Any CPU
		{E2A3FE72-5816-4F85-AA02-E5DD8248E0EC}.Debug|Any CPU.ActiveCfg = Debug|Any CPU
		{E2A3FE72-5816-4F85-AA02-E5DD8248E0EC}.Debug|Any CPU.Build.0 = Debug|Any CPU
		{E2A3FE72-5816-4F85-AA02-E5DD8248E0EC}.Release|Any CPU.ActiveCfg = Release|Any CPU
		{E2A3FE72-5816-4F85-AA02-E5DD8248E0EC}.Release|Any CPU.Build.0 = Release|Any CPU
	EndGlobalSection
	GlobalSection(SolutionProperties) = preSolution
		HideSolutionNode = FALSE
	EndGlobalSection
	GlobalSection(NestedProjects) = preSolution
		{6DD2880E-CB63-45CE-9642-E5958CF81331} = {B7BBA8FF-6884-4C14-932A-6A999752DF5B}
		{E9B3EE76-03AA-432E-ABEA-D271379E5BD8} = {B7BBA8FF-6884-4C14-932A-6A999752DF5B}
		{E4BBF3D3-A03A-4111-A4C1-DD6837ED4F47} = {7347A7BE-4E32-4F02-9688-7609E965F6C8}
		{3C02A0B3-F6BA-44BE-80C2-FF5555B2CADD} = {E9B3EE76-03AA-432E-ABEA-D271379E5BD8}
		{1F24FD9E-AC24-4D27-BDF6-161ADD14B82E} = {593866F0-5868-42BA-A4EE-B3DF75EE07DF}
		{F5E6CAFB-122E-48C0-93FF-1DF44429F9A3} = {E9B3EE76-03AA-432E-ABEA-D271379E5BD8}
		{63A4881E-8B31-48DE-BDAC-92164F6FE100} = {7347A7BE-4E32-4F02-9688-7609E965F6C8}
		{E2A3FE72-5816-4F85-AA02-E5DD8248E0EC} = {7347A7BE-4E32-4F02-9688-7609E965F6C8}
		{A1B0E43D-0D8A-45F5-B4F3-473DFCC9A3AD} = {B7BBA8FF-6884-4C14-932A-6A999752DF5B}
		{8FA27E0A-8A5D-47E5-89D6-EDCB43E003BA} = {A1B0E43D-0D8A-45F5-B4F3-473DFCC9A3AD}
	EndGlobalSection
EndGlobal
